<?xml version="1.0" encoding="utf-8"?>
<Project ToolsVersion="4.0" xmlns="http://schemas.microsoft.com/developer/msbuild/2003">
  <ItemGroup>
    <Filter Include="Source Files">
      <UniqueIdentifier>{4FC737F1-C7A5-4376-A066-2A32D752A2FF}</UniqueIdentifier>
      <Extensions>cpp;c;cc;cxx;c++;cppm;ixx;def;odl;idl;hpj;bat;asm;asmx</Extensions>
    </Filter>
    <Filter Include="Header Files">
      <UniqueIdentifier>{93995380-89BD-4b04-88EB-625FBE52EBFB}</UniqueIdentifier>
      <Extensions>h;hh;hpp;hxx;h++;hm;inl;inc;ipp;xsd</Extensions>
    </Filter>
    <Filter Include="Resource Files">
      <UniqueIdentifier>{67DA6AB6-F800-4c08-8B7A-83BB121AAD01}</UniqueIdentifier>
      <Extensions>rc;ico;cur;bmp;dlg;rc2;rct;bin;rgs;gif;jpg;jpeg;jpe;resx;tiff;tif;png;wav;mfcribbon-ms</Extensions>
    </Filter>
  </ItemGroup>
  <ItemGroup>
    <ClCompile Include="src\main.cpp">
      <Filter>Source Files</Filter>
    </ClCompile>
    <ClCompile Include="src\Application.cpp">
      <Filter>Source Files</Filter>
    </ClCompile>
    <ClCompile Include="src\Constant.cpp">
      <Filter>Source Files</Filter>
    </ClCompile>
    <ClCompile Include="src\mainScreen\Box.cpp">
      <Filter>Source Files</Filter>
    </ClCompile>
    <ClCompile Include="src\mainScreen\Button.cpp">
      <Filter>Source Files</Filter>
    </ClCompile>
    <ClCompile Include="src\mainScreen\ButtonSprite.cpp">
      <Filter>Source Files</Filter>
    </ClCompile>
    <ClCompile Include="src\mainScreen\ContainMethod.cpp">
      <Filter>Source Files</Filter>
    </ClCompile>
    <ClCompile Include="src\mainScreen\HideMethod.cpp">
      <Filter>Source Files</Filter>
    </ClCompile>
    <ClCompile Include="src\mainScreen\LineEdit.cpp">
      <Filter>Source Files</Filter>
    </ClCompile>
    <ClCompile Include="src\mainScreen\PressMethod.cpp">
      <Filter>Source Files</Filter>
    </ClCompile>
    <ClCompile Include="src\mainScreen\ScreenMain.cpp">
      <Filter>Source Files</Filter>
    </ClCompile>
    <ClCompile Include="src\favouriteScreen\favou.cpp">
      <Filter>Source Files</Filter>
    </ClCompile>
    <ClCompile Include="src\favouriteScreen\FavouriteScreen.cpp">
      <Filter>Source Files</Filter>
    </ClCompile>
    <ClCompile Include="src\favouriteScreen\fileWork.cpp">
      <Filter>Source Files</Filter>
    </ClCompile>
    <ClCompile Include="src\favouriteScreen\myBox.cpp">
      <Filter>Source Files</Filter>
    </ClCompile>
    <ClCompile Include="src\favouriteScreen\myButton.cpp">
      <Filter>Source Files</Filter>
    </ClCompile>
    <ClCompile Include="src\Screen.cpp">
      <Filter>Source Files</Filter>
    </ClCompile>
    <ClCompile Include="src\favouriteScreen\Mytrie.cpp">
      <Filter>Source Files</Filter>
    </ClCompile>
    <ClCompile Include="src\function.cpp">
      <Filter>Source Files</Filter>
    </ClCompile>
  </ItemGroup>
  <ItemGroup>
    <ClInclude Include="src\addWord.h">
      <Filter>Header Files</Filter>
    </ClInclude>
    <ClInclude Include="src\Button.h">
      <Filter>Header Files</Filter>
    </ClInclude>
    <ClInclude Include="src\function.h">
      <Filter>Header Files</Filter>
    </ClInclude>
    <ClInclude Include="src\Textbox.h">
      <Filter>Header Files</Filter>
    </ClInclude>
    <ClInclude Include="src\Trie.h">
      <Filter>Header Files</Filter>
    </ClInclude>
  </ItemGroup>
  <ItemGroup>
    <Font Include="data\fonts\arial.ttf">
      <Filter>Resource Files</Filter>
    </Font>
  </ItemGroup>
  <ItemGroup>
    <ClInclude Include="src\Application.h">
      <Filter>Header Files</Filter>
    </ClInclude>
    <ClInclude Include="src\Constant.h">
      <Filter>Header Files</Filter>
    </ClInclude>
    <ClInclude Include="src\mainScreen\Box.h">
      <Filter>Header Files</Filter>
    </ClInclude>
    <ClInclude Include="src\mainScreen\Button.h">
      <Filter>Header Files</Filter>
    </ClInclude>
    <ClInclude Include="src\mainScreen\ButtonSprite.h">
      <Filter>Header Files</Filter>
    </ClInclude>
    <ClInclude Include="src\mainScreen\ContainMethod.h">
      <Filter>Header Files</Filter>
    </ClInclude>
    <ClInclude Include="src\mainScreen\HideMethod.h">
      <Filter>Header Files</Filter>
    </ClInclude>
    <ClInclude Include="src\mainScreen\LineEdit.h">
      <Filter>Header Files</Filter>
    </ClInclude>
    <ClInclude Include="src\mainScreen\PressMethod.h">
      <Filter>Header Files</Filter>
    </ClInclude>
    <ClInclude Include="src\mainScreen\ScreenMain.h">
      <Filter>Header Files</Filter>
    </ClInclude>
    <ClInclude Include="src\favouriteScreen\FavouriteScreen.h">
      <Filter>Header Files</Filter>
    </ClInclude>
    <ClInclude Include="src\favouriteScreen\fileWork.h">
      <Filter>Header Files</Filter>
    </ClInclude>
    <ClInclude Include="src\favouriteScreen\myBox.h">
      <Filter>Header Files</Filter>
    </ClInclude>
    <ClInclude Include="src\favouriteScreen\myButton.h">
      <Filter>Header Files</Filter>
    </ClInclude>
    <ClInclude Include="src\Screen.h">
      <Filter>Header Files</Filter>
    </ClInclude>
    <ClInclude Include="src\favouriteScreen\MyTrie.h">
      <Filter>Header Files</Filter>
    </ClInclude>
  </ItemGroup>
</Project>